
Microsoft Visual Studio Solution File, Format Version 12.00
# Visual Studio Version 16
VisualStudioVersion = 16.0.29905.134
MinimumVisualStudioVersion = 10.0.40219.1
Project("{FAE04EC0-301F-11D3-BF4B-00C04F79EFBC}") = "Excercicio2", "Excercicio2\Excercicio2.csproj", "{5FA41A7C-1701-4E2B-B321-45D345992730}"
EndProject
Global
	GlobalSection(SolutionConfigurationPlatforms) = preSolution
		Debug|Any CPU = Debug|Any CPU
		Release|Any CPU = Release|Any CPU
	EndGlobalSection
	GlobalSection(ProjectConfigurationPlatforms) = postSolution
		{5FA41A7C-1701-4E2B-B321-45D345992730}.Debug|Any CPU.ActiveCfg = Debug|Any CPU
		{5FA41A7C-1701-4E2B-B321-45D345992730}.Debug|Any CPU.Build.0 = Debug|Any CPU
		{5FA41A7C-1701-4E2B-B321-45D345992730}.Release|Any CPU.ActiveCfg = Release|Any CPU
		{5FA41A7C-1701-4E2B-B321-45D345992730}.Release|Any CPU.Build.0 = Release|Any CPU
	EndGlobalSection
	GlobalSection(SolutionProperties) = preSolution
		HideSolutionNode = FALSE
	EndGlobalSection
	GlobalSection(ExtensibilityGlobals) = postSolution
		SolutionGuid = {909C61FA-33F3-4829-AE97-DAB2CB47907C}
	EndGlobalSection
EndGlobal
