
Microsoft Visual Studio Solution File, Format Version 12.00
# Visual Studio Version 16
VisualStudioVersion = 16.0.29905.134
MinimumVisualStudioVersion = 10.0.40219.1
Project("{FAE04EC0-301F-11D3-BF4B-00C04F79EFBC}") = "Primeiro", "Primeiro\Primeiro.csproj", "{FE579A07-C39F-4501-992A-4FA1BC3C19FB}"
EndProject
Global
	GlobalSection(SolutionConfigurationPlatforms) = preSolution
		Debug|Any CPU = Debug|Any CPU
		Release|Any CPU = Release|Any CPU
	EndGlobalSection
	GlobalSection(ProjectConfigurationPlatforms) = postSolution
		{FE579A07-C39F-4501-992A-4FA1BC3C19FB}.Debug|Any CPU.ActiveCfg = Debug|Any CPU
		{FE579A07-C39F-4501-992A-4FA1BC3C19FB}.Debug|Any CPU.Build.0 = Debug|Any CPU
		{FE579A07-C39F-4501-992A-4FA1BC3C19FB}.Release|Any CPU.ActiveCfg = Release|Any CPU
		{FE579A07-C39F-4501-992A-4FA1BC3C19FB}.Release|Any CPU.Build.0 = Release|Any CPU
	EndGlobalSection
	GlobalSection(SolutionProperties) = preSolution
		HideSolutionNode = FALSE
	EndGlobalSection
	GlobalSection(ExtensibilityGlobals) = postSolution
		SolutionGuid = {933FCCCD-1494-4BCF-BD1D-5C11C7B4EC22}
	EndGlobalSection
EndGlobal
