
Microsoft Visual Studio Solution File, Format Version 12.00
# Visual Studio Version 16
VisualStudioVersion = 16.0.29905.134
MinimumVisualStudioVersion = 10.0.40219.1
Project("{FAE04EC0-301F-11D3-BF4B-00C04F79EFBC}") = "Exercicio5", "Exercicio5\Exercicio5.csproj", "{364F2CC7-7AC2-4E32-9BE8-1D8E4E0F0CD9}"
EndProject
Global
	GlobalSection(SolutionConfigurationPlatforms) = preSolution
		Debug|Any CPU = Debug|Any CPU
		Release|Any CPU = Release|Any CPU
	EndGlobalSection
	GlobalSection(ProjectConfigurationPlatforms) = postSolution
		{364F2CC7-7AC2-4E32-9BE8-1D8E4E0F0CD9}.Debug|Any CPU.ActiveCfg = Debug|Any CPU
		{364F2CC7-7AC2-4E32-9BE8-1D8E4E0F0CD9}.Debug|Any CPU.Build.0 = Debug|Any CPU
		{364F2CC7-7AC2-4E32-9BE8-1D8E4E0F0CD9}.Release|Any CPU.ActiveCfg = Release|Any CPU
		{364F2CC7-7AC2-4E32-9BE8-1D8E4E0F0CD9}.Release|Any CPU.Build.0 = Release|Any CPU
	EndGlobalSection
	GlobalSection(SolutionProperties) = preSolution
		HideSolutionNode = FALSE
	EndGlobalSection
	GlobalSection(ExtensibilityGlobals) = postSolution
		SolutionGuid = {66042476-2297-48A5-90E7-0CD16E999888}
	EndGlobalSection
EndGlobal
