
Microsoft Visual Studio Solution File, Format Version 12.00
# Visual Studio Version 16
VisualStudioVersion = 16.0.29905.134
MinimumVisualStudioVersion = 10.0.40219.1
Project("{FAE04EC0-301F-11D3-BF4B-00C04F79EFBC}") = "Exercicio11", "Exercicio11\Exercicio11.csproj", "{70000BB1-488F-48C6-8FC6-6F6274BF2995}"
EndProject
Global
	GlobalSection(SolutionConfigurationPlatforms) = preSolution
		Debug|Any CPU = Debug|Any CPU
		Release|Any CPU = Release|Any CPU
	EndGlobalSection
	GlobalSection(ProjectConfigurationPlatforms) = postSolution
		{70000BB1-488F-48C6-8FC6-6F6274BF2995}.Debug|Any CPU.ActiveCfg = Debug|Any CPU
		{70000BB1-488F-48C6-8FC6-6F6274BF2995}.Debug|Any CPU.Build.0 = Debug|Any CPU
		{70000BB1-488F-48C6-8FC6-6F6274BF2995}.Release|Any CPU.ActiveCfg = Release|Any CPU
		{70000BB1-488F-48C6-8FC6-6F6274BF2995}.Release|Any CPU.Build.0 = Release|Any CPU
	EndGlobalSection
	GlobalSection(SolutionProperties) = preSolution
		HideSolutionNode = FALSE
	EndGlobalSection
	GlobalSection(ExtensibilityGlobals) = postSolution
		SolutionGuid = {5311953A-9D37-4F37-A7C9-2A4274E2F355}
	EndGlobalSection
EndGlobal
