
Microsoft Visual Studio Solution File, Format Version 12.00
# Visual Studio Version 16
VisualStudioVersion = 16.0.29905.134
MinimumVisualStudioVersion = 10.0.40219.1
Project("{FAE04EC0-301F-11D3-BF4B-00C04F79EFBC}") = "Exercicio8", "Exercicio8\Exercicio8.csproj", "{CE28790E-D288-45F6-A79A-A5C0FF2FA556}"
EndProject
Global
	GlobalSection(SolutionConfigurationPlatforms) = preSolution
		Debug|Any CPU = Debug|Any CPU
		Release|Any CPU = Release|Any CPU
	EndGlobalSection
	GlobalSection(ProjectConfigurationPlatforms) = postSolution
		{CE28790E-D288-45F6-A79A-A5C0FF2FA556}.Debug|Any CPU.ActiveCfg = Debug|Any CPU
		{CE28790E-D288-45F6-A79A-A5C0FF2FA556}.Debug|Any CPU.Build.0 = Debug|Any CPU
		{CE28790E-D288-45F6-A79A-A5C0FF2FA556}.Release|Any CPU.ActiveCfg = Release|Any CPU
		{CE28790E-D288-45F6-A79A-A5C0FF2FA556}.Release|Any CPU.Build.0 = Release|Any CPU
	EndGlobalSection
	GlobalSection(SolutionProperties) = preSolution
		HideSolutionNode = FALSE
	EndGlobalSection
	GlobalSection(ExtensibilityGlobals) = postSolution
		SolutionGuid = {91A5C054-6243-470F-9FF1-CDE5EB564153}
	EndGlobalSection
EndGlobal
