
Microsoft Visual Studio Solution File, Format Version 12.00
# Visual Studio Version 16
VisualStudioVersion = 16.0.29905.134
MinimumVisualStudioVersion = 10.0.40219.1
Project("{FAE04EC0-301F-11D3-BF4B-00C04F79EFBC}") = "Terceiro", "Terceiro\Terceiro.csproj", "{CD5ECC25-3B46-4B7A-8DA0-F930D903E093}"
EndProject
Global
	GlobalSection(SolutionConfigurationPlatforms) = preSolution
		Debug|Any CPU = Debug|Any CPU
		Release|Any CPU = Release|Any CPU
	EndGlobalSection
	GlobalSection(ProjectConfigurationPlatforms) = postSolution
		{CD5ECC25-3B46-4B7A-8DA0-F930D903E093}.Debug|Any CPU.ActiveCfg = Debug|Any CPU
		{CD5ECC25-3B46-4B7A-8DA0-F930D903E093}.Debug|Any CPU.Build.0 = Debug|Any CPU
		{CD5ECC25-3B46-4B7A-8DA0-F930D903E093}.Release|Any CPU.ActiveCfg = Release|Any CPU
		{CD5ECC25-3B46-4B7A-8DA0-F930D903E093}.Release|Any CPU.Build.0 = Release|Any CPU
	EndGlobalSection
	GlobalSection(SolutionProperties) = preSolution
		HideSolutionNode = FALSE
	EndGlobalSection
	GlobalSection(ExtensibilityGlobals) = postSolution
		SolutionGuid = {C1FD8D35-F192-44F8-8852-2A9A0B9AA2B3}
	EndGlobalSection
EndGlobal
